github.com/crillab/gophersat v1.3.1 h1:l4fgnEMmy1+b7pn3nvPwj1ja3Z9MgXE4hUIl9TU8v+M=
github.com/crillab/gophersat v1.3.1/go.mod h1:S91tHga1PCZzYhCkStwZAhvp1rCc+zqtSi55I+vDWGc=
github.com/google/pprof v0.0.0-20231101202521-4ca4178f5c7a h1:fEBsGL/sjAuJrgah5XqmmYsTLzJp/TO9Lhy39gkverk=
github.com/google/pprof v0.0.0-20231101202521-4ca4178f5c7a/go.mod h1:czg5+yv1E0ZGTi6S6vVK1mke0fV+FaUhNGcd6VRS9Ik=
